
Microsoft Visual Studio Solution File, Format Version 12.00
# Visual Studio Version 17
VisualStudioVersion = 17.7.34202.233
MinimumVisualStudioVersion = 10.0.40219.1
Project("{8BC9CEB8-8B4A-11D0-8D11-00A0C91BC942}") = "gospodi 1.3", "gospodi 1.3\gospodi 1.3.vcxproj", "{9007F65B-4558-41AA-A154-E2CC6D4EB27B}"
EndProject
Global
	GlobalSection(SolutionConfigurationPlatforms) = preSolution
		Debug|x64 = Debug|x64
		Debug|x86 = Debug|x86
		Release|x64 = Release|x64
		Release|x86 = Release|x86
	EndGlobalSection
	GlobalSection(ProjectConfigurationPlatforms) = postSolution
		{9007F65B-4558-41AA-A154-E2CC6D4EB27B}.Debug|x64.ActiveCfg = Debug|x64
		{9007F65B-4558-41AA-A154-E2CC6D4EB27B}.Debug|x64.Build.0 = Debug|x64
		{9007F65B-4558-41AA-A154-E2CC6D4EB27B}.Debug|x86.ActiveCfg = Debug|Win32
		{9007F65B-4558-41AA-A154-E2CC6D4EB27B}.Debug|x86.Build.0 = Debug|Win32
		{9007F65B-4558-41AA-A154-E2CC6D4EB27B}.Release|x64.ActiveCfg = Release|x64
		{9007F65B-4558-41AA-A154-E2CC6D4EB27B}.Release|x64.Build.0 = Release|x64
		{9007F65B-4558-41AA-A154-E2CC6D4EB27B}.Release|x86.ActiveCfg = Release|Win32
		{9007F65B-4558-41AA-A154-E2CC6D4EB27B}.Release|x86.Build.0 = Release|Win32
	EndGlobalSection
	GlobalSection(SolutionProperties) = preSolution
		HideSolutionNode = FALSE
	EndGlobalSection
	GlobalSection(ExtensibilityGlobals) = postSolution
		SolutionGuid = {EF6DDF98-DC0A-42F4-996A-823B7263C8BD}
	EndGlobalSection
EndGlobal
